
Microsoft Visual Studio Solution File, Format Version 12.00
# Visual Studio Version 17
VisualStudioVersion = 17.0.31903.59
MinimumVisualStudioVersion = 10.0.40219.1
Project("{2150E333-8FDC-42A3-9474-1A3956D46DE8}") = "src", "src", "{827E0CD3-B72D-47B6-A68D-7590B98EB39B}"
EndProject
Project("{FAE04EC0-301F-11D3-BF4B-00C04F79EFBC}") = "CalorieManagement.API", "src\CalorieManagement.API\CalorieManagement.API.csproj", "{F862448F-D0E0-4CC5-AAE5-36286F9BA2D3}"
EndProject
Project("{FAE04EC0-301F-11D3-BF4B-00C04F79EFBC}") = "CalorieManagement.Core", "src\CalorieManagement.Core\CalorieManagement.Core.csproj", "{EB915BC2-1D91-484D-9BA1-48B0D4929270}"
EndProject
Project("{FAE04EC0-301F-11D3-BF4B-00C04F79EFBC}") = "CalorieManagement.Infrastructure", "src\CalorieManagement.Infrastructure\CalorieManagement.Infrastructure.csproj", "{42B10F7E-3A10-41D6-B2C9-0ABB290E7157}"
EndProject
Project("{FAE04EC0-301F-11D3-BF4B-00C04F79EFBC}") = "CalorieManagement.Application", "src\CalorieManagement.Application\CalorieManagement.Application.csproj", "{ECD9D081-BBB8-409B-B5A4-84F50E78DF16}"
EndProject
Global
	GlobalSection(SolutionConfigurationPlatforms) = preSolution
		Debug|Any CPU = Debug|Any CPU
		Debug|x64 = Debug|x64
		Debug|x86 = Debug|x86
		Release|Any CPU = Release|Any CPU
		Release|x64 = Release|x64
		Release|x86 = Release|x86
	EndGlobalSection
	GlobalSection(ProjectConfigurationPlatforms) = postSolution
		{F862448F-D0E0-4CC5-AAE5-36286F9BA2D3}.Debug|Any CPU.ActiveCfg = Debug|Any CPU
		{F862448F-D0E0-4CC5-AAE5-36286F9BA2D3}.Debug|Any CPU.Build.0 = Debug|Any CPU
		{F862448F-D0E0-4CC5-AAE5-36286F9BA2D3}.Debug|x64.ActiveCfg = Debug|Any CPU
		{F862448F-D0E0-4CC5-AAE5-36286F9BA2D3}.Debug|x64.Build.0 = Debug|Any CPU
		{F862448F-D0E0-4CC5-AAE5-36286F9BA2D3}.Debug|x86.ActiveCfg = Debug|Any CPU
		{F862448F-D0E0-4CC5-AAE5-36286F9BA2D3}.Debug|x86.Build.0 = Debug|Any CPU
		{F862448F-D0E0-4CC5-AAE5-36286F9BA2D3}.Release|Any CPU.ActiveCfg = Release|Any CPU
		{F862448F-D0E0-4CC5-AAE5-36286F9BA2D3}.Release|Any CPU.Build.0 = Release|Any CPU
		{F862448F-D0E0-4CC5-AAE5-36286F9BA2D3}.Release|x64.ActiveCfg = Release|Any CPU
		{F862448F-D0E0-4CC5-AAE5-36286F9BA2D3}.Release|x64.Build.0 = Release|Any CPU
		{F862448F-D0E0-4CC5-AAE5-36286F9BA2D3}.Release|x86.ActiveCfg = Release|Any CPU
		{F862448F-D0E0-4CC5-AAE5-36286F9BA2D3}.Release|x86.Build.0 = Release|Any CPU
		{EB915BC2-1D91-484D-9BA1-48B0D4929270}.Debug|Any CPU.ActiveCfg = Debug|Any CPU
		{EB915BC2-1D91-484D-9BA1-48B0D4929270}.Debug|Any CPU.Build.0 = Debug|Any CPU
		{EB915BC2-1D91-484D-9BA1-48B0D4929270}.Debug|x64.ActiveCfg = Debug|Any CPU
		{EB915BC2-1D91-484D-9BA1-48B0D4929270}.Debug|x64.Build.0 = Debug|Any CPU
		{EB915BC2-1D91-484D-9BA1-48B0D4929270}.Debug|x86.ActiveCfg = Debug|Any CPU
		{EB915BC2-1D91-484D-9BA1-48B0D4929270}.Debug|x86.Build.0 = Debug|Any CPU
		{EB915BC2-1D91-484D-9BA1-48B0D4929270}.Release|Any CPU.ActiveCfg = Release|Any CPU
		{EB915BC2-1D91-484D-9BA1-48B0D4929270}.Release|Any CPU.Build.0 = Release|Any CPU
		{EB915BC2-1D91-484D-9BA1-48B0D4929270}.Release|x64.ActiveCfg = Release|Any CPU
		{EB915BC2-1D91-484D-9BA1-48B0D4929270}.Release|x64.Build.0 = Release|Any CPU
		{EB915BC2-1D91-484D-9BA1-48B0D4929270}.Release|x86.ActiveCfg = Release|Any CPU
		{EB915BC2-1D91-484D-9BA1-48B0D4929270}.Release|x86.Build.0 = Release|Any CPU
		{42B10F7E-3A10-41D6-B2C9-0ABB290E7157}.Debug|Any CPU.ActiveCfg = Debug|Any CPU
		{42B10F7E-3A10-41D6-B2C9-0ABB290E7157}.Debug|Any CPU.Build.0 = Debug|Any CPU
		{42B10F7E-3A10-41D6-B2C9-0ABB290E7157}.Debug|x64.ActiveCfg = Debug|Any CPU
		{42B10F7E-3A10-41D6-B2C9-0ABB290E7157}.Debug|x64.Build.0 = Debug|Any CPU
		{42B10F7E-3A10-41D6-B2C9-0ABB290E7157}.Debug|x86.ActiveCfg = Debug|Any CPU
		{42B10F7E-3A10-41D6-B2C9-0ABB290E7157}.Debug|x86.Build.0 = Debug|Any CPU
		{42B10F7E-3A10-41D6-B2C9-0ABB290E7157}.Release|Any CPU.ActiveCfg = Release|Any CPU
		{42B10F7E-3A10-41D6-B2C9-0ABB290E7157}.Release|Any CPU.Build.0 = Release|Any CPU
		{42B10F7E-3A10-41D6-B2C9-0ABB290E7157}.Release|x64.ActiveCfg = Release|Any CPU
		{42B10F7E-3A10-41D6-B2C9-0ABB290E7157}.Release|x64.Build.0 = Release|Any CPU
		{42B10F7E-3A10-41D6-B2C9-0ABB290E7157}.Release|x86.ActiveCfg = Release|Any CPU
		{42B10F7E-3A10-41D6-B2C9-0ABB290E7157}.Release|x86.Build.0 = Release|Any CPU
		{ECD9D081-BBB8-409B-B5A4-84F50E78DF16}.Debug|Any CPU.ActiveCfg = Debug|Any CPU
		{ECD9D081-BBB8-409B-B5A4-84F50E78DF16}.Debug|Any CPU.Build.0 = Debug|Any CPU
		{ECD9D081-BBB8-409B-B5A4-84F50E78DF16}.Debug|x64.ActiveCfg = Debug|Any CPU
		{ECD9D081-BBB8-409B-B5A4-84F50E78DF16}.Debug|x64.Build.0 = Debug|Any CPU
		{ECD9D081-BBB8-409B-B5A4-84F50E78DF16}.Debug|x86.ActiveCfg = Debug|Any CPU
		{ECD9D081-BBB8-409B-B5A4-84F50E78DF16}.Debug|x86.Build.0 = Debug|Any CPU
		{ECD9D081-BBB8-409B-B5A4-84F50E78DF16}.Release|Any CPU.ActiveCfg = Release|Any CPU
		{ECD9D081-BBB8-409B-B5A4-84F50E78DF16}.Release|Any CPU.Build.0 = Release|Any CPU
		{ECD9D081-BBB8-409B-B5A4-84F50E78DF16}.Release|x64.ActiveCfg = Release|Any CPU
		{ECD9D081-BBB8-409B-B5A4-84F50E78DF16}.Release|x64.Build.0 = Release|Any CPU
		{ECD9D081-BBB8-409B-B5A4-84F50E78DF16}.Release|x86.ActiveCfg = Release|Any CPU
		{ECD9D081-BBB8-409B-B5A4-84F50E78DF16}.Release|x86.Build.0 = Release|Any CPU
	EndGlobalSection
	GlobalSection(SolutionProperties) = preSolution
		HideSolutionNode = FALSE
	EndGlobalSection
	GlobalSection(NestedProjects) = preSolution
		{F862448F-D0E0-4CC5-AAE5-36286F9BA2D3} = {827E0CD3-B72D-47B6-A68D-7590B98EB39B}
		{EB915BC2-1D91-484D-9BA1-48B0D4929270} = {827E0CD3-B72D-47B6-A68D-7590B98EB39B}
		{42B10F7E-3A10-41D6-B2C9-0ABB290E7157} = {827E0CD3-B72D-47B6-A68D-7590B98EB39B}
		{ECD9D081-BBB8-409B-B5A4-84F50E78DF16} = {827E0CD3-B72D-47B6-A68D-7590B98EB39B}
	EndGlobalSection
EndGlobal
